github.com/go-logr/logr v1.2.2 h1:ahHml/yUpnlb96Rp8HCvtYVPY8ZYpxq3g7UYchIYwbs=
github.com/go-logr/logr v1.2.2/go.mod h1:jdQByPbusPIv2/zmleS9BjJVeZ6kBagPoEUsqbVz/1A=
go.einride.tech/sage v0.87.0 h1:fakGtgHd56w0/SjcgTmcexATLJV7gjCxiL1V7Z4sB/c=
go.einride.tech/sage v0.87.0/go.mod h1:EzV5uciFX7/2ho8EKB5K9JghOfXIxlzs694b+Tkl5GQ=
