github.com/go-logr/logr v1.2.2 h1:ahHml/yUpnlb96Rp8HCvtYVPY8ZYpxq3g7UYchIYwbs=
github.com/go-logr/logr v1.2.2/go.mod h1:jdQByPbusPIv2/zmleS9BjJVeZ6kBagPoEUsqbVz/1A=
go.einride.tech/sage v0.66.3 h1:HnNZib47CkDNhf/VDDB59vKPJC7NhPFMHUqn5vHo2To=
go.einride.tech/sage v0.66.3/go.mod h1:EzV5uciFX7/2ho8EKB5K9JghOfXIxlzs694b+Tkl5GQ=
